
Microsoft Visual Studio Solution File, Format Version 12.00
# Visual Studio Version 16
VisualStudioVersion = 16.0.31605.320
MinimumVisualStudioVersion = 10.0.40219.1
Project("{9A19103F-16F7-4668-BE54-9A1E7A4F7556}") = "SpeedUpImportingProcess.BenchMark", "BenchMark\SpeedUpImportingProcess.BenchMark.csproj", "{4D34DC23-9BAE-4260-9492-A9D77CEDDE6A}"
EndProject
Global
	GlobalSection(SolutionConfigurationPlatforms) = preSolution
		Debug|Any CPU = Debug|Any CPU
		Release|Any CPU = Release|Any CPU
	EndGlobalSection
	GlobalSection(ProjectConfigurationPlatforms) = postSolution
		{4D34DC23-9BAE-4260-9492-A9D77CEDDE6A}.Debug|Any CPU.ActiveCfg = Debug|Any CPU
		{4D34DC23-9BAE-4260-9492-A9D77CEDDE6A}.Debug|Any CPU.Build.0 = Debug|Any CPU
		{4D34DC23-9BAE-4260-9492-A9D77CEDDE6A}.Release|Any CPU.ActiveCfg = Release|Any CPU
		{4D34DC23-9BAE-4260-9492-A9D77CEDDE6A}.Release|Any CPU.Build.0 = Release|Any CPU
	EndGlobalSection
	GlobalSection(SolutionProperties) = preSolution
		HideSolutionNode = FALSE
	EndGlobalSection
	GlobalSection(ExtensibilityGlobals) = postSolution
		SolutionGuid = {09BFFDFF-2A7F-4032-BA0A-59ADA6DEBA1E}
	EndGlobalSection
EndGlobal
